
Microsoft Visual Studio Solution File, Format Version 12.00
# Visual Studio 14
VisualStudioVersion = 14.0.25420.1
MinimumVisualStudioVersion = 10.0.40219.1
Project("{FAE04EC0-301F-11D3-BF4B-00C04F79EFBC}") = "Task1", "Task1\Task1.csproj", "{E35318FE-A4D4-42A5-B153-607E23E648E7}"
EndProject
Project("{FAE04EC0-301F-11D3-BF4B-00C04F79EFBC}") = "Task2", "Task2\Task2.csproj", "{59274FD3-4305-40E2-A781-8AF8A203724F}"
EndProject
Project("{FAE04EC0-301F-11D3-BF4B-00C04F79EFBC}") = "IQuerableTask1", "IQuerableTask1\IQuerableTask1.csproj", "{356DCC73-D2CC-4EAF-BFCD-CF75D5390AEB}"
EndProject
Project("{FAE04EC0-301F-11D3-BF4B-00C04F79EFBC}") = "QueryableProviderForMovieDb", "QueryableProviderForMovieDb\QueryableProviderForMovieDb.csproj", "{B812B7EC-2902-4EA3-9CEB-92B1E08F840F}"
EndProject
Global
	GlobalSection(SolutionConfigurationPlatforms) = preSolution
		Debug|Any CPU = Debug|Any CPU
		Release|Any CPU = Release|Any CPU
	EndGlobalSection
	GlobalSection(ProjectConfigurationPlatforms) = postSolution
		{E35318FE-A4D4-42A5-B153-607E23E648E7}.Debug|Any CPU.ActiveCfg = Debug|Any CPU
		{E35318FE-A4D4-42A5-B153-607E23E648E7}.Debug|Any CPU.Build.0 = Debug|Any CPU
		{E35318FE-A4D4-42A5-B153-607E23E648E7}.Release|Any CPU.ActiveCfg = Release|Any CPU
		{E35318FE-A4D4-42A5-B153-607E23E648E7}.Release|Any CPU.Build.0 = Release|Any CPU
		{59274FD3-4305-40E2-A781-8AF8A203724F}.Debug|Any CPU.ActiveCfg = Debug|Any CPU
		{59274FD3-4305-40E2-A781-8AF8A203724F}.Debug|Any CPU.Build.0 = Debug|Any CPU
		{59274FD3-4305-40E2-A781-8AF8A203724F}.Release|Any CPU.ActiveCfg = Release|Any CPU
		{59274FD3-4305-40E2-A781-8AF8A203724F}.Release|Any CPU.Build.0 = Release|Any CPU
		{356DCC73-D2CC-4EAF-BFCD-CF75D5390AEB}.Debug|Any CPU.ActiveCfg = Debug|Any CPU
		{356DCC73-D2CC-4EAF-BFCD-CF75D5390AEB}.Debug|Any CPU.Build.0 = Debug|Any CPU
		{356DCC73-D2CC-4EAF-BFCD-CF75D5390AEB}.Release|Any CPU.ActiveCfg = Release|Any CPU
		{356DCC73-D2CC-4EAF-BFCD-CF75D5390AEB}.Release|Any CPU.Build.0 = Release|Any CPU
		{B812B7EC-2902-4EA3-9CEB-92B1E08F840F}.Debug|Any CPU.ActiveCfg = Debug|Any CPU
		{B812B7EC-2902-4EA3-9CEB-92B1E08F840F}.Debug|Any CPU.Build.0 = Debug|Any CPU
		{B812B7EC-2902-4EA3-9CEB-92B1E08F840F}.Release|Any CPU.ActiveCfg = Release|Any CPU
		{B812B7EC-2902-4EA3-9CEB-92B1E08F840F}.Release|Any CPU.Build.0 = Release|Any CPU
	EndGlobalSection
	GlobalSection(SolutionProperties) = preSolution
		HideSolutionNode = FALSE
	EndGlobalSection
EndGlobal
