
Microsoft Visual Studio Solution File, Format Version 12.00
# Visual Studio 14
VisualStudioVersion = 14.0.25420.1
MinimumVisualStudioVersion = 10.0.40219.1
Project("{FAE04EC0-301F-11D3-BF4B-00C04F79EFBC}") = "Task1", "Task1\Task1.csproj", "{5486F207-3BE0-4D46-8194-DD71EF71C74D}"
EndProject
Project("{FAE04EC0-301F-11D3-BF4B-00C04F79EFBC}") = "Task2", "Task2\Task2.csproj", "{ACB113DC-13C7-4CC4-B327-B77A95A33ABB}"
EndProject
Project("{FAE04EC0-301F-11D3-BF4B-00C04F79EFBC}") = "Task3", "Task3\Task3.csproj", "{5E858203-2283-4472-A704-71A9E23BCC1C}"
EndProject
Project("{FAE04EC0-301F-11D3-BF4B-00C04F79EFBC}") = "Task4", "Task4\Task4.csproj", "{2856B701-CFC1-4B98-BE2D-A40994415E6F}"
EndProject
Global
	GlobalSection(SolutionConfigurationPlatforms) = preSolution
		Debug|Any CPU = Debug|Any CPU
		Release|Any CPU = Release|Any CPU
	EndGlobalSection
	GlobalSection(ProjectConfigurationPlatforms) = postSolution
		{5486F207-3BE0-4D46-8194-DD71EF71C74D}.Debug|Any CPU.ActiveCfg = Debug|Any CPU
		{5486F207-3BE0-4D46-8194-DD71EF71C74D}.Debug|Any CPU.Build.0 = Debug|Any CPU
		{5486F207-3BE0-4D46-8194-DD71EF71C74D}.Release|Any CPU.ActiveCfg = Release|Any CPU
		{5486F207-3BE0-4D46-8194-DD71EF71C74D}.Release|Any CPU.Build.0 = Release|Any CPU
		{ACB113DC-13C7-4CC4-B327-B77A95A33ABB}.Debug|Any CPU.ActiveCfg = Debug|Any CPU
		{ACB113DC-13C7-4CC4-B327-B77A95A33ABB}.Debug|Any CPU.Build.0 = Debug|Any CPU
		{ACB113DC-13C7-4CC4-B327-B77A95A33ABB}.Release|Any CPU.ActiveCfg = Release|Any CPU
		{ACB113DC-13C7-4CC4-B327-B77A95A33ABB}.Release|Any CPU.Build.0 = Release|Any CPU
		{5E858203-2283-4472-A704-71A9E23BCC1C}.Debug|Any CPU.ActiveCfg = Debug|Any CPU
		{5E858203-2283-4472-A704-71A9E23BCC1C}.Debug|Any CPU.Build.0 = Debug|Any CPU
		{5E858203-2283-4472-A704-71A9E23BCC1C}.Release|Any CPU.ActiveCfg = Release|Any CPU
		{5E858203-2283-4472-A704-71A9E23BCC1C}.Release|Any CPU.Build.0 = Release|Any CPU
		{2856B701-CFC1-4B98-BE2D-A40994415E6F}.Debug|Any CPU.ActiveCfg = Debug|Any CPU
		{2856B701-CFC1-4B98-BE2D-A40994415E6F}.Debug|Any CPU.Build.0 = Debug|Any CPU
		{2856B701-CFC1-4B98-BE2D-A40994415E6F}.Release|Any CPU.ActiveCfg = Release|Any CPU
		{2856B701-CFC1-4B98-BE2D-A40994415E6F}.Release|Any CPU.Build.0 = Release|Any CPU
	EndGlobalSection
	GlobalSection(SolutionProperties) = preSolution
		HideSolutionNode = FALSE
	EndGlobalSection
EndGlobal
